
Microsoft Visual Studio Solution File, Format Version 12.00
# Visual Studio 2015
Project("{FAE04EC0-301F-11D3-BF4B-00C04F79EFBC}") = "Cluster.CSharp", "Cluster.CSharp.csproj", "{68062575-00CD-60DB-B02F-B506B00EDE8E}"
EndProject
Project("{FAE04EC0-301F-11D3-BF4B-00C04F79EFBC}") = "Cluster.CSharp.Editor", "Cluster.CSharp.Editor.csproj", "{D36D92A8-18E7-DFD1-CB17-9EC653F2E9F3}"
EndProject
Global
	GlobalSection(SolutionConfigurationPlatforms) = preSolution
		Debug|Any CPU = Debug|Any CPU
		Release|Any CPU = Release|Any CPU
	EndGlobalSection
	GlobalSection(ProjectConfigurationPlatforms) = postSolution
		{68062575-00CD-60DB-B02F-B506B00EDE8E}.Debug|Any CPU.ActiveCfg = Debug|Any CPU
		{68062575-00CD-60DB-B02F-B506B00EDE8E}.Debug|Any CPU.Build.0 = Debug|Any CPU
		{68062575-00CD-60DB-B02F-B506B00EDE8E}.Release|Any CPU.ActiveCfg = Release|Any CPU
		{68062575-00CD-60DB-B02F-B506B00EDE8E}.Release|Any CPU.Build.0 = Release|Any CPU
		{D36D92A8-18E7-DFD1-CB17-9EC653F2E9F3}.Debug|Any CPU.ActiveCfg = Debug|Any CPU
		{D36D92A8-18E7-DFD1-CB17-9EC653F2E9F3}.Debug|Any CPU.Build.0 = Debug|Any CPU
		{D36D92A8-18E7-DFD1-CB17-9EC653F2E9F3}.Release|Any CPU.ActiveCfg = Release|Any CPU
		{D36D92A8-18E7-DFD1-CB17-9EC653F2E9F3}.Release|Any CPU.Build.0 = Release|Any CPU
	EndGlobalSection
	GlobalSection(SolutionProperties) = preSolution
		HideSolutionNode = FALSE
	EndGlobalSection
EndGlobal
